
Microsoft Visual Studio Solution File, Format Version 12.00
# Visual Studio Version 17
VisualStudioVersion = 17.4.33213.308
MinimumVisualStudioVersion = 10.0.40219.1
Project("{8BC9CEB8-8B4A-11D0-8D11-00A0C91BC942}") = "BTX", "BTX\BTX.vcxproj", "{A674A8B3-D3A4-4F6A-B904-6DD1F6E6F725}"
	ProjectSection(ProjectDependencies) = postProject
		{3DB1521F-3B72-47B8-A9DA-DBEA6209621D} = {3DB1521F-3B72-47B8-A9DA-DBEA6209621D}
	EndProjectSection
EndProject
Project("{2150E333-8FDC-42A3-9474-1A3956D46DE8}") = "Framework", "Framework", "{DDE67CFB-F4BF-45A1-8A81-169E9989D516}"
EndProject
Project("{2150E333-8FDC-42A3-9474-1A3956D46DE8}") = "Misc", "Misc", "{0EB9F323-4A62-41FF-8BD1-A0537278B0F2}"
EndProject
Project("{2150E333-8FDC-42A3-9474-1A3956D46DE8}") = "Class", "Class", "{1B431B5C-2C15-4F4D-9452-CF92F054A1ED}"
EndProject
Project("{8BC9CEB8-8B4A-11D0-8D11-00A0C91BC942}") = "C01_OpenGL", "C01_OpenGL\C01_OpenGL.vcxproj", "{FA12657D-D8A0-41F5-8FB0-D1031C586229}"
EndProject
Project("{8BC9CEB8-8B4A-11D0-8D11-00A0C91BC942}") = "C02_SFML", "C02_SFML\C02_SFML.vcxproj", "{FC236736-76AC-40A9-BFEF-3ECB6DB084C8}"
EndProject
Project("{8BC9CEB8-8B4A-11D0-8D11-00A0C91BC942}") = "C03_ClassStructure", "C03_ClassStructure\C03_ClassStructure.vcxproj", "{0A97ECD7-0580-4FCF-9FA0-C406EAC3642B}"
EndProject
Project("{2150E333-8FDC-42A3-9474-1A3956D46DE8}") = "Homework", "Homework", "{4C2ECE37-DEE4-482D-ACDE-69E48FE5C512}"
EndProject
Project("{8BC9CEB8-8B4A-11D0-8D11-00A0C91BC942}") = "BTXs", "BTXs\BTXs.vcxproj", "{3DB1521F-3B72-47B8-A9DA-DBEA6209621D}"
EndProject
Project("{8BC9CEB8-8B4A-11D0-8D11-00A0C91BC942}") = "C_Physics", "C22_Physics\C22_Physics.vcxproj", "{13CD4D9E-A6AE-49F9-B6D6-550532FDED6E}"
	ProjectSection(ProjectDependencies) = postProject
		{3DB1521F-3B72-47B8-A9DA-DBEA6209621D} = {3DB1521F-3B72-47B8-A9DA-DBEA6209621D}
		{A674A8B3-D3A4-4F6A-B904-6DD1F6E6F725} = {A674A8B3-D3A4-4F6A-B904-6DD1F6E6F725}
	EndProjectSection
EndProject
Project("{8BC9CEB8-8B4A-11D0-8D11-00A0C91BC942}") = "HW01_STDQueue", "HW01_STDQueue\HW01_STDQueue.vcxproj", "{5551282F-B293-4278-98DB-A3A53727D34F}"
EndProject
Project("{2150E333-8FDC-42A3-9474-1A3956D46DE8}") = "Exercises", "Exercises", "{86AAB188-8116-48FF-8BEF-CAB54B4AB43F}"
EndProject
Global
	GlobalSection(SolutionConfigurationPlatforms) = preSolution
		Debug|x86 = Debug|x86
		Release|x86 = Release|x86
	EndGlobalSection
	GlobalSection(ProjectConfigurationPlatforms) = postSolution
		{A674A8B3-D3A4-4F6A-B904-6DD1F6E6F725}.Debug|x86.ActiveCfg = Debug|Win32
		{A674A8B3-D3A4-4F6A-B904-6DD1F6E6F725}.Debug|x86.Build.0 = Debug|Win32
		{A674A8B3-D3A4-4F6A-B904-6DD1F6E6F725}.Release|x86.ActiveCfg = Release|Win32
		{A674A8B3-D3A4-4F6A-B904-6DD1F6E6F725}.Release|x86.Build.0 = Release|Win32
		{FA12657D-D8A0-41F5-8FB0-D1031C586229}.Debug|x86.ActiveCfg = Debug|Win32
		{FA12657D-D8A0-41F5-8FB0-D1031C586229}.Debug|x86.Build.0 = Debug|Win32
		{FA12657D-D8A0-41F5-8FB0-D1031C586229}.Release|x86.ActiveCfg = Release|Win32
		{FA12657D-D8A0-41F5-8FB0-D1031C586229}.Release|x86.Build.0 = Release|Win32
		{FC236736-76AC-40A9-BFEF-3ECB6DB084C8}.Debug|x86.ActiveCfg = Debug|Win32
		{FC236736-76AC-40A9-BFEF-3ECB6DB084C8}.Debug|x86.Build.0 = Debug|Win32
		{FC236736-76AC-40A9-BFEF-3ECB6DB084C8}.Release|x86.ActiveCfg = Release|Win32
		{FC236736-76AC-40A9-BFEF-3ECB6DB084C8}.Release|x86.Build.0 = Release|Win32
		{0A97ECD7-0580-4FCF-9FA0-C406EAC3642B}.Debug|x86.ActiveCfg = Debug|Win32
		{0A97ECD7-0580-4FCF-9FA0-C406EAC3642B}.Debug|x86.Build.0 = Debug|Win32
		{0A97ECD7-0580-4FCF-9FA0-C406EAC3642B}.Release|x86.ActiveCfg = Release|Win32
		{0A97ECD7-0580-4FCF-9FA0-C406EAC3642B}.Release|x86.Build.0 = Release|Win32
		{3DB1521F-3B72-47B8-A9DA-DBEA6209621D}.Debug|x86.ActiveCfg = Debug|Win32
		{3DB1521F-3B72-47B8-A9DA-DBEA6209621D}.Debug|x86.Build.0 = Debug|Win32
		{3DB1521F-3B72-47B8-A9DA-DBEA6209621D}.Release|x86.ActiveCfg = Release|Win32
		{3DB1521F-3B72-47B8-A9DA-DBEA6209621D}.Release|x86.Build.0 = Release|Win32
		{13CD4D9E-A6AE-49F9-B6D6-550532FDED6E}.Debug|x86.ActiveCfg = Debug|Win32
		{13CD4D9E-A6AE-49F9-B6D6-550532FDED6E}.Debug|x86.Build.0 = Debug|Win32
		{13CD4D9E-A6AE-49F9-B6D6-550532FDED6E}.Release|x86.ActiveCfg = Release|Win32
		{13CD4D9E-A6AE-49F9-B6D6-550532FDED6E}.Release|x86.Build.0 = Release|Win32
		{5551282F-B293-4278-98DB-A3A53727D34F}.Debug|x86.ActiveCfg = Debug|Win32
		{5551282F-B293-4278-98DB-A3A53727D34F}.Debug|x86.Build.0 = Debug|Win32
		{5551282F-B293-4278-98DB-A3A53727D34F}.Release|x86.ActiveCfg = Release|Win32
		{5551282F-B293-4278-98DB-A3A53727D34F}.Release|x86.Build.0 = Release|Win32
	EndGlobalSection
	GlobalSection(SolutionProperties) = preSolution
		HideSolutionNode = FALSE
	EndGlobalSection
	GlobalSection(NestedProjects) = preSolution
		{A674A8B3-D3A4-4F6A-B904-6DD1F6E6F725} = {DDE67CFB-F4BF-45A1-8A81-169E9989D516}
		{FA12657D-D8A0-41F5-8FB0-D1031C586229} = {1B431B5C-2C15-4F4D-9452-CF92F054A1ED}
		{FC236736-76AC-40A9-BFEF-3ECB6DB084C8} = {1B431B5C-2C15-4F4D-9452-CF92F054A1ED}
		{0A97ECD7-0580-4FCF-9FA0-C406EAC3642B} = {1B431B5C-2C15-4F4D-9452-CF92F054A1ED}
		{3DB1521F-3B72-47B8-A9DA-DBEA6209621D} = {DDE67CFB-F4BF-45A1-8A81-169E9989D516}
		{13CD4D9E-A6AE-49F9-B6D6-550532FDED6E} = {1B431B5C-2C15-4F4D-9452-CF92F054A1ED}
		{5551282F-B293-4278-98DB-A3A53727D34F} = {4C2ECE37-DEE4-482D-ACDE-69E48FE5C512}
	EndGlobalSection
	GlobalSection(ExtensibilityGlobals) = postSolution
		SolutionGuid = {C1308D28-F0EE-436B-AA0D-4CFD1105C92A}
	EndGlobalSection
EndGlobal
